
Microsoft Visual Studio Solution File, Format Version 12.00
# Visual Studio Version 16
VisualStudioVersion = 16.0.31410.357
MinimumVisualStudioVersion = 10.0.40219.1
Project("{FAE04EC0-301F-11D3-BF4B-00C04F79EFBC}") = "ComboboxSelectionChangedIssue", "ComboboxSelectionChanged\ComboboxSelectionChangedIssue.csproj", "{16CE77D4-6CC6-4552-8365-741322D19869}"
EndProject
Global
	GlobalSection(SolutionConfigurationPlatforms) = preSolution
		Debug|Any CPU = Debug|Any CPU
		Release|Any CPU = Release|Any CPU
	EndGlobalSection
	GlobalSection(ProjectConfigurationPlatforms) = postSolution
		{16CE77D4-6CC6-4552-8365-741322D19869}.Debug|Any CPU.ActiveCfg = Debug|Any CPU
		{16CE77D4-6CC6-4552-8365-741322D19869}.Debug|Any CPU.Build.0 = Debug|Any CPU
		{16CE77D4-6CC6-4552-8365-741322D19869}.Release|Any CPU.ActiveCfg = Release|Any CPU
		{16CE77D4-6CC6-4552-8365-741322D19869}.Release|Any CPU.Build.0 = Release|Any CPU
	EndGlobalSection
	GlobalSection(SolutionProperties) = preSolution
		HideSolutionNode = FALSE
	EndGlobalSection
	GlobalSection(ExtensibilityGlobals) = postSolution
		SolutionGuid = {5C7E7D7C-6771-489C-A7B3-60B1B81E7AEB}
	EndGlobalSection
EndGlobal
